// !$*UTF8*$!
{
	archiveVersion = 1;
	classes = {
	};
	objectVersion = 55;
	objects = {

/* Begin PBXBuildFile section */
		05054220286344BE00618393 /* GFEmptyStateView.swift in Sources */ = {isa = PBXBuildFile; fileRef = 0505421F286344BE00618393 /* GFEmptyStateView.swift */; };
		05136D5D2869A3450019FE33 /* GFItemInfoView.swift in Sources */ = {isa = PBXBuildFile; fileRef = 05136D5C2869A3450019FE33 /* GFItemInfoView.swift */; };
		05161A8F287062A50080787D /* GFTabBarController.swift in Sources */ = {isa = PBXBuildFile; fileRef = 05161A8E287062A50080787D /* GFTabBarController.swift */; };
		052CF1CC286E20C100C55AE8 /* PersistenceManager.swift in Sources */ = {isa = PBXBuildFile; fileRef = 052CF1CB286E20C100C55AE8 /* PersistenceManager.swift */; };
		052D0B41287444F500899306 /* GFAlertContainerView.swift in Sources */ = {isa = PBXBuildFile; fileRef = 052D0B40287444F500899306 /* GFAlertContainerView.swift */; };
		0531AC3028755AA300C93927 /* GFDataLoadingVC.swift in Sources */ = {isa = PBXBuildFile; fileRef = 0531AC2F28755AA300C93927 /* GFDataLoadingVC.swift */; };
		0531AC3228758A6600C93927 /* UIView+Ext.swift in Sources */ = {isa = PBXBuildFile; fileRef = 0531AC3128758A6600C93927 /* UIView+Ext.swift */; };
		0562C7332878305700E65719 /* UITableView+Ext.swift in Sources */ = {isa = PBXBuildFile; fileRef = 0562C7322878305700E65719 /* UITableView+Ext.swift */; };
		057AC89B27207F89002B506A /* SearchVC.swift in Sources */ = {isa = PBXBuildFile; fileRef = 057AC89A27207F89002B506A /* SearchVC.swift */; };
		057AC89F27207FFF002B506A /* FavoritesListVC.swift in Sources */ = {isa = PBXBuildFile; fileRef = 057AC89E27207FFF002B506A /* FavoritesListVC.swift */; };
		0581EA502720AA82002A7399 /* GFButton.swift in Sources */ = {isa = PBXBuildFile; fileRef = 0581EA4F2720AA82002A7399 /* GFButton.swift */; };
		0581EA542720ADED002A7399 /* GFTextField.swift in Sources */ = {isa = PBXBuildFile; fileRef = 0581EA532720ADED002A7399 /* GFTextField.swift */; };
		05994C7D27289DF40094A66F /* FollowerListVC.swift in Sources */ = {isa = PBXBuildFile; fileRef = 05994C7C27289DF40094A66F /* FollowerListVC.swift */; };
		059DFA77285A09EC00E08837 /* GFTitleLabel.swift in Sources */ = {isa = PBXBuildFile; fileRef = 059DFA76285A09EC00E08837 /* GFTitleLabel.swift */; };
		059DFA79285A0C6C00E08837 /* GFBodyLabel.swift in Sources */ = {isa = PBXBuildFile; fileRef = 059DFA78285A0C6C00E08837 /* GFBodyLabel.swift */; };
		059DFA7B285A0DA200E08837 /* GFAlertVC.swift in Sources */ = {isa = PBXBuildFile; fileRef = 059DFA7A285A0DA200E08837 /* GFAlertVC.swift */; };
		059DFA7D285A33AF00E08837 /* UIViewController+Ext.swift in Sources */ = {isa = PBXBuildFile; fileRef = 059DFA7C285A33AF00E08837 /* UIViewController+Ext.swift */; };
		05A8395C2869BCB3001B83FB /* GFItemInfoVC.swift in Sources */ = {isa = PBXBuildFile; fileRef = 05A8395B2869BCB3001B83FB /* GFItemInfoVC.swift */; };
		05A8395E2869C427001B83FB /* GFRepoItemVC.swift in Sources */ = {isa = PBXBuildFile; fileRef = 05A8395D2869C427001B83FB /* GFRepoItemVC.swift */; };
		05A839602869C6BC001B83FB /* GFFollowerItemVC.swift in Sources */ = {isa = PBXBuildFile; fileRef = 05A8395F2869C6BC001B83FB /* GFFollowerItemVC.swift */; };
		05A839632869D369001B83FB /* Date+Ext.swift in Sources */ = {isa = PBXBuildFile; fileRef = 05A839622869D369001B83FB /* Date+Ext.swift */; };
		05A839652869D3AB001B83FB /* String+Ext.swift in Sources */ = {isa = PBXBuildFile; fileRef = 05A839642869D3AB001B83FB /* String+Ext.swift */; };
		05AD36E228624967002F6E24 /* UIHelper.swift in Sources */ = {isa = PBXBuildFile; fileRef = 05AD36E128624967002F6E24 /* UIHelper.swift */; };
		05C56B6B2867603B009B42E1 /* GFUserInfoHeaderVC.swift in Sources */ = {isa = PBXBuildFile; fileRef = 05C56B6A2867603B009B42E1 /* GFUserInfoHeaderVC.swift */; };
		05C56B6D286760C7009B42E1 /* GFSecondaryTitleLabel.swift in Sources */ = {isa = PBXBuildFile; fileRef = 05C56B6C286760C7009B42E1 /* GFSecondaryTitleLabel.swift */; };
		05C56B6F286779F8009B42E1 /* Constants.swift in Sources */ = {isa = PBXBuildFile; fileRef = 05C56B6E286779F8009B42E1 /* Constants.swift */; };
		05E60E06286F684800D9CC27 /* FavoriteCell.swift in Sources */ = {isa = PBXBuildFile; fileRef = 05E60E05286F684800D9CC27 /* FavoriteCell.swift */; };
		05EA7747285B652F00A8307F /* Follower.swift in Sources */ = {isa = PBXBuildFile; fileRef = 05EA7746285B652F00A8307F /* Follower.swift */; };
		05EA7749285B67FA00A8307F /* User.swift in Sources */ = {isa = PBXBuildFile; fileRef = 05EA7748285B67FA00A8307F /* User.swift */; };
		05EA774C285B7F2E00A8307F /* NetworkManager.swift in Sources */ = {isa = PBXBuildFile; fileRef = 05EA774B285B7F2E00A8307F /* NetworkManager.swift */; };
		05EDA1762865D1890065E272 /* UserInfoVC.swift in Sources */ = {isa = PBXBuildFile; fileRef = 05EDA1752865D1890065E272 /* UserInfoVC.swift */; };
		05EDA1782865EE9D0065E272 /* GFError.swift in Sources */ = {isa = PBXBuildFile; fileRef = 05EDA1772865EE9D0065E272 /* GFError.swift */; };
		05F77913285C94EE005D60E5 /* FollowerCell.swift in Sources */ = {isa = PBXBuildFile; fileRef = 05F77912285C94EE005D60E5 /* FollowerCell.swift */; };
		05F77915285C95E9005D60E5 /* GFAvatarImageView.swift in Sources */ = {isa = PBXBuildFile; fileRef = 05F77914285C95E9005D60E5 /* GFAvatarImageView.swift */; };
		05F99AA3271F6BC000A7E680 /* AppDelegate.swift in Sources */ = {isa = PBXBuildFile; fileRef = 05F99AA2271F6BC000A7E680 /* AppDelegate.swift */; };
		05F99AA5271F6BC000A7E680 /* SceneDelegate.swift in Sources */ = {isa = PBXBuildFile; fileRef = 05F99AA4271F6BC000A7E680 /* SceneDelegate.swift */; };
		05F99AAC271F6BC500A7E680 /* Assets.xcassets in Resources */ = {isa = PBXBuildFile; fileRef = 05F99AAB271F6BC500A7E680 /* Assets.xcassets */; };
		05F99AAF271F6BC500A7E680 /* LaunchScreen.storyboard in Resources */ = {isa = PBXBuildFile; fileRef = 05F99AAD271F6BC500A7E680 /* LaunchScreen.storyboard */; };
/* End PBXBuildFile section */

/* Begin PBXFileReference section */
		0505421F286344BE00618393 /* GFEmptyStateView.swift */ = {isa = PBXFileReference; lastKnownFileType = sourcecode.swift; path = GFEmptyStateView.swift; sourceTree = "<group>"; };
		05136D5C2869A3450019FE33 /* GFItemInfoView.swift */ = {isa = PBXFileReference; lastKnownFileType = sourcecode.swift; path = GFItemInfoView.swift; sourceTree = "<group>"; };
		05161A8E287062A50080787D /* GFTabBarController.swift */ = {isa = PBXFileReference; lastKnownFileType = sourcecode.swift; path = GFTabBarController.swift; sourceTree = "<group>"; };
		052CF1CB286E20C100C55AE8 /* PersistenceManager.swift */ = {isa = PBXFileReference; lastKnownFileType = sourcecode.swift; path = PersistenceManager.swift; sourceTree = "<group>"; };
		052D0B40287444F500899306 /* GFAlertContainerView.swift */ = {isa = PBXFileReference; lastKnownFileType = sourcecode.swift; path = GFAlertContainerView.swift; sourceTree = "<group>"; };
		0531AC2F28755AA300C93927 /* GFDataLoadingVC.swift */ = {isa = PBXFileReference; lastKnownFileType = sourcecode.swift; path = GFDataLoadingVC.swift; sourceTree = "<group>"; };
		0531AC3128758A6600C93927 /* UIView+Ext.swift */ = {isa = PBXFileReference; lastKnownFileType = sourcecode.swift; path = "UIView+Ext.swift"; sourceTree = "<group>"; };
		0562C7322878305700E65719 /* UITableView+Ext.swift */ = {isa = PBXFileReference; lastKnownFileType = sourcecode.swift; path = "UITableView+Ext.swift"; sourceTree = "<group>"; };
		057AC89A27207F89002B506A /* SearchVC.swift */ = {isa = PBXFileReference; lastKnownFileType = sourcecode.swift; path = SearchVC.swift; sourceTree = "<group>"; };
		057AC89E27207FFF002B506A /* FavoritesListVC.swift */ = {isa = PBXFileReference; lastKnownFileType = sourcecode.swift; path = FavoritesListVC.swift; sourceTree = "<group>"; };
		0581EA4F2720AA82002A7399 /* GFButton.swift */ = {isa = PBXFileReference; lastKnownFileType = sourcecode.swift; path = GFButton.swift; sourceTree = "<group>"; };
		0581EA532720ADED002A7399 /* GFTextField.swift */ = {isa = PBXFileReference; lastKnownFileType = sourcecode.swift; path = GFTextField.swift; sourceTree = "<group>"; };
		05994C7C27289DF40094A66F /* FollowerListVC.swift */ = {isa = PBXFileReference; lastKnownFileType = sourcecode.swift; path = FollowerListVC.swift; sourceTree = "<group>"; };
		059DFA76285A09EC00E08837 /* GFTitleLabel.swift */ = {isa = PBXFileReference; lastKnownFileType = sourcecode.swift; path = GFTitleLabel.swift; sourceTree = "<group>"; };
		059DFA78285A0C6C00E08837 /* GFBodyLabel.swift */ = {isa = PBXFileReference; lastKnownFileType = sourcecode.swift; path = GFBodyLabel.swift; sourceTree = "<group>"; };
		059DFA7A285A0DA200E08837 /* GFAlertVC.swift */ = {isa = PBXFileReference; lastKnownFileType = sourcecode.swift; path = GFAlertVC.swift; sourceTree = "<group>"; };
		059DFA7C285A33AF00E08837 /* UIViewController+Ext.swift */ = {isa = PBXFileReference; lastKnownFileType = sourcecode.swift; path = "UIViewController+Ext.swift"; sourceTree = "<group>"; };
		05A8395B2869BCB3001B83FB /* GFItemInfoVC.swift */ = {isa = PBXFileReference; lastKnownFileType = sourcecode.swift; path = GFItemInfoVC.swift; sourceTree = "<group>"; };
		05A8395D2869C427001B83FB /* GFRepoItemVC.swift */ = {isa = PBXFileReference; lastKnownFileType = sourcecode.swift; path = GFRepoItemVC.swift; sourceTree = "<group>"; };
		05A8395F2869C6BC001B83FB /* GFFollowerItemVC.swift */ = {isa = PBXFileReference; lastKnownFileType = sourcecode.swift; path = GFFollowerItemVC.swift; sourceTree = "<group>"; };
		05A839622869D369001B83FB /* Date+Ext.swift */ = {isa = PBXFileReference; lastKnownFileType = sourcecode.swift; path = "Date+Ext.swift"; sourceTree = "<group>"; };
		05A839642869D3AB001B83FB /* String+Ext.swift */ = {isa = PBXFileReference; lastKnownFileType = sourcecode.swift; path = "String+Ext.swift"; sourceTree = "<group>"; };
		05AD36E128624967002F6E24 /* UIHelper.swift */ = {isa = PBXFileReference; lastKnownFileType = sourcecode.swift; path = UIHelper.swift; sourceTree = "<group>"; };
		05C56B6A2867603B009B42E1 /* GFUserInfoHeaderVC.swift */ = {isa = PBXFileReference; lastKnownFileType = sourcecode.swift; path = GFUserInfoHeaderVC.swift; sourceTree = "<group>"; };
		05C56B6C286760C7009B42E1 /* GFSecondaryTitleLabel.swift */ = {isa = PBXFileReference; lastKnownFileType = sourcecode.swift; path = GFSecondaryTitleLabel.swift; sourceTree = "<group>"; };
		05C56B6E286779F8009B42E1 /* Constants.swift */ = {isa = PBXFileReference; lastKnownFileType = sourcecode.swift; path = Constants.swift; sourceTree = "<group>"; };
		05E60E05286F684800D9CC27 /* FavoriteCell.swift */ = {isa = PBXFileReference; lastKnownFileType = sourcecode.swift; path = FavoriteCell.swift; sourceTree = "<group>"; };
		05EA7746285B652F00A8307F /* Follower.swift */ = {isa = PBXFileReference; lastKnownFileType = sourcecode.swift; path = Follower.swift; sourceTree = "<group>"; };
		05EA7748285B67FA00A8307F /* User.swift */ = {isa = PBXFileReference; lastKnownFileType = sourcecode.swift; path = User.swift; sourceTree = "<group>"; };
		05EA774B285B7F2E00A8307F /* NetworkManager.swift */ = {isa = PBXFileReference; lastKnownFileType = sourcecode.swift; path = NetworkManager.swift; sourceTree = "<group>"; };
		05EDA1752865D1890065E272 /* UserInfoVC.swift */ = {isa = PBXFileReference; lastKnownFileType = sourcecode.swift; path = UserInfoVC.swift; sourceTree = "<group>"; };
		05EDA1772865EE9D0065E272 /* GFError.swift */ = {isa = PBXFileReference; lastKnownFileType = sourcecode.swift; path = GFError.swift; sourceTree = "<group>"; };
		05F77912285C94EE005D60E5 /* FollowerCell.swift */ = {isa = PBXFileReference; lastKnownFileType = sourcecode.swift; path = FollowerCell.swift; sourceTree = "<group>"; };
		05F77914285C95E9005D60E5 /* GFAvatarImageView.swift */ = {isa = PBXFileReference; lastKnownFileType = sourcecode.swift; path = GFAvatarImageView.swift; sourceTree = "<group>"; };
		05F99A9F271F6BC000A7E680 /* GHFollowers.app */ = {isa = PBXFileReference; explicitFileType = wrapper.application; includeInIndex = 0; path = GHFollowers.app; sourceTree = BUILT_PRODUCTS_DIR; };
		05F99AA2271F6BC000A7E680 /* AppDelegate.swift */ = {isa = PBXFileReference; lastKnownFileType = sourcecode.swift; path = AppDelegate.swift; sourceTree = "<group>"; };
		05F99AA4271F6BC000A7E680 /* SceneDelegate.swift */ = {isa = PBXFileReference; lastKnownFileType = sourcecode.swift; path = SceneDelegate.swift; sourceTree = "<group>"; };
		05F99AAB271F6BC500A7E680 /* Assets.xcassets */ = {isa = PBXFileReference; lastKnownFileType = folder.assetcatalog; path = Assets.xcassets; sourceTree = "<group>"; };
		05F99AAE271F6BC500A7E680 /* Base */ = {isa = PBXFileReference; lastKnownFileType = file.storyboard; name = Base; path = Base.lproj/LaunchScreen.storyboard; sourceTree = "<group>"; };
		05F99AB0271F6BC500A7E680 /* Info.plist */ = {isa = PBXFileReference; lastKnownFileType = text.plist.xml; path = Info.plist; sourceTree = "<group>"; };
/* End PBXFileReference section */

/* Begin PBXFrameworksBuildPhase section */
		05F99A9C271F6BBF00A7E680 /* Frameworks */ = {
			isa = PBXFrameworksBuildPhase;
			buildActionMask = 2147483647;
			files = (
			);
			runOnlyForDeploymentPostprocessing = 0;
		};
/* End PBXFrameworksBuildPhase section */

/* Begin PBXGroup section */
		050542192863423C00618393 /* Views */ = {
			isa = PBXGroup;
			children = (
				0505421F286344BE00618393 /* GFEmptyStateView.swift */,
				05136D5C2869A3450019FE33 /* GFItemInfoView.swift */,
				052D0B40287444F500899306 /* GFAlertContainerView.swift */,
			);
			path = Views;
			sourceTree = "<group>";
		};
		0505421A2863424400618393 /* Buttons */ = {
			isa = PBXGroup;
			children = (
				0581EA4F2720AA82002A7399 /* GFButton.swift */,
			);
			path = Buttons;
			sourceTree = "<group>";
		};
		0505421B2863425600618393 /* Textfields */ = {
			isa = PBXGroup;
			children = (
				0581EA532720ADED002A7399 /* GFTextField.swift */,
			);
			path = Textfields;
			sourceTree = "<group>";
		};
		0505421C2863426D00618393 /* ImageViews */ = {
			isa = PBXGroup;
			children = (
				05F77914285C95E9005D60E5 /* GFAvatarImageView.swift */,
			);
			path = ImageViews;
			sourceTree = "<group>";
		};
		0505421D2863427D00618393 /* ViewControllers */ = {
			isa = PBXGroup;
			children = (
				05A839612869C785001B83FB /* ItemInfoVCs */,
				059DFA7A285A0DA200E08837 /* GFAlertVC.swift */,
				05C56B6A2867603B009B42E1 /* GFUserInfoHeaderVC.swift */,
				0531AC2F28755AA300C93927 /* GFDataLoadingVC.swift */,
			);
			path = ViewControllers;
			sourceTree = "<group>";
		};
		0505421E2863442C00618393 /* Labels */ = {
			isa = PBXGroup;
			children = (
				059DFA76285A09EC00E08837 /* GFTitleLabel.swift */,
				059DFA78285A0C6C00E08837 /* GFBodyLabel.swift */,
				05C56B6C286760C7009B42E1 /* GFSecondaryTitleLabel.swift */,
			);
			path = Labels;
			sourceTree = "<group>";
		};
		05161A8D2870625A0080787D /* TabBarControllers */ = {
			isa = PBXGroup;
			children = (
				05161A8E287062A50080787D /* GFTabBarController.swift */,
			);
			path = TabBarControllers;
			sourceTree = "<group>";
		};
		05A839612869C785001B83FB /* ItemInfoVCs */ = {
			isa = PBXGroup;
			children = (
				05A8395B2869BCB3001B83FB /* GFItemInfoVC.swift */,
				05A8395D2869C427001B83FB /* GFRepoItemVC.swift */,
				05A8395F2869C6BC001B83FB /* GFFollowerItemVC.swift */,
			);
			path = ItemInfoVCs;
			sourceTree = "<group>";
		};
		05EA7745285B650B00A8307F /* Model */ = {
			isa = PBXGroup;
			children = (
				05EA7746285B652F00A8307F /* Follower.swift */,
				05EA7748285B67FA00A8307F /* User.swift */,
			);
			path = Model;
			sourceTree = "<group>";
		};
		05EA774A285B7F0D00A8307F /* Managers */ = {
			isa = PBXGroup;
			children = (
				05EA774B285B7F2E00A8307F /* NetworkManager.swift */,
				052CF1CB286E20C100C55AE8 /* PersistenceManager.swift */,
			);
			path = Managers;
			sourceTree = "<group>";
		};
		05F7790E285C83FE005D60E5 /* Utilities */ = {
			isa = PBXGroup;
			children = (
				05AD36E128624967002F6E24 /* UIHelper.swift */,
				05EDA1772865EE9D0065E272 /* GFError.swift */,
				05C56B6E286779F8009B42E1 /* Constants.swift */,
			);
			path = Utilities;
			sourceTree = "<group>";
		};
		05F77911285C94AA005D60E5 /* Cells */ = {
			isa = PBXGroup;
			children = (
				05F77912285C94EE005D60E5 /* FollowerCell.swift */,
				05E60E05286F684800D9CC27 /* FavoriteCell.swift */,
			);
			path = Cells;
			sourceTree = "<group>";
		};
		05F99A96271F6BBF00A7E680 = {
			isa = PBXGroup;
			children = (
				05F99AA1271F6BC000A7E680 /* GHFollowers */,
				05F99AA0271F6BC000A7E680 /* Products */,
			);
			sourceTree = "<group>";
		};
		05F99AA0271F6BC000A7E680 /* Products */ = {
			isa = PBXGroup;
			children = (
				05F99A9F271F6BC000A7E680 /* GHFollowers.app */,
			);
			name = Products;
			sourceTree = "<group>";
		};
		05F99AA1271F6BC000A7E680 /* GHFollowers */ = {
			isa = PBXGroup;
			children = (
				05F7790E285C83FE005D60E5 /* Utilities */,
				05EA774A285B7F0D00A8307F /* Managers */,
				05EA7745285B650B00A8307F /* Model */,
				05FE4206285B54B800F0BE1F /* Custom views */,
				05FE4205285B545A00F0BE1F /* Screens */,
				05FE4207285B553200F0BE1F /* Extensions */,
				05FE4208285B55A900F0BE1F /* Support */,
				05F99AB0271F6BC500A7E680 /* Info.plist */,
			);
			path = GHFollowers;
			sourceTree = "<group>";
		};
		05FE4205285B545A00F0BE1F /* Screens */ = {
			isa = PBXGroup;
			children = (
				057AC89A27207F89002B506A /* SearchVC.swift */,
				05994C7C27289DF40094A66F /* FollowerListVC.swift */,
				057AC89E27207FFF002B506A /* FavoritesListVC.swift */,
				05EDA1752865D1890065E272 /* UserInfoVC.swift */,
			);
			path = Screens;
			sourceTree = "<group>";
		};
		05FE4206285B54B800F0BE1F /* Custom views */ = {
			isa = PBXGroup;
			children = (
				05161A8D2870625A0080787D /* TabBarControllers */,
				0505421E2863442C00618393 /* Labels */,
				0505421D2863427D00618393 /* ViewControllers */,
				0505421C2863426D00618393 /* ImageViews */,
				0505421B2863425600618393 /* Textfields */,
				0505421A2863424400618393 /* Buttons */,
				050542192863423C00618393 /* Views */,
				05F77911285C94AA005D60E5 /* Cells */,
			);
			path = "Custom views";
			sourceTree = "<group>";
		};
		05FE4207285B553200F0BE1F /* Extensions */ = {
			isa = PBXGroup;
			children = (
				059DFA7C285A33AF00E08837 /* UIViewController+Ext.swift */,
				05A839622869D369001B83FB /* Date+Ext.swift */,
				05A839642869D3AB001B83FB /* String+Ext.swift */,
				0531AC3128758A6600C93927 /* UIView+Ext.swift */,
				0562C7322878305700E65719 /* UITableView+Ext.swift */,
			);
			path = Extensions;
			sourceTree = "<group>";
		};
		05FE4208285B55A900F0BE1F /* Support */ = {
			isa = PBXGroup;
			children = (
				05F99AA2271F6BC000A7E680 /* AppDelegate.swift */,
				05F99AA4271F6BC000A7E680 /* SceneDelegate.swift */,
				05F99AAB271F6BC500A7E680 /* Assets.xcassets */,
				05F99AAD271F6BC500A7E680 /* LaunchScreen.storyboard */,
			);
			path = Support;
			sourceTree = "<group>";
		};
/* End PBXGroup section */

/* Begin PBXNativeTarget section */
		05F99A9E271F6BBF00A7E680 /* GHFollowers */ = {
			isa = PBXNativeTarget;
			buildConfigurationList = 05F99AB3271F6BC500A7E680 /* Build configuration list for PBXNativeTarget "GHFollowers" */;
			buildPhases = (
				05F99A9B271F6BBF00A7E680 /* Sources */,
				05F99A9C271F6BBF00A7E680 /* Frameworks */,
				05F99A9D271F6BBF00A7E680 /* Resources */,
			);
			buildRules = (
			);
			dependencies = (
			);
			name = GHFollowers;
			productName = GHFollowers;
			productReference = 05F99A9F271F6BC000A7E680 /* GHFollowers.app */;
			productType = "com.apple.product-type.application";
		};
/* End PBXNativeTarget section */

/* Begin PBXProject section */
		05F99A97271F6BBF00A7E680 /* Project object */ = {
			isa = PBXProject;
			attributes = {
				BuildIndependentTargetsInParallel = 1;
				LastSwiftUpdateCheck = 1300;
				LastUpgradeCheck = 1300;
				TargetAttributes = {
					05F99A9E271F6BBF00A7E680 = {
						CreatedOnToolsVersion = 13.0;
					};
				};
			};
			buildConfigurationList = 05F99A9A271F6BBF00A7E680 /* Build configuration list for PBXProject "GHFollowers" */;
			compatibilityVersion = "Xcode 13.0";
			developmentRegion = en;
			hasScannedForEncodings = 0;
			knownRegions = (
				en,
				Base,
			);
			mainGroup = 05F99A96271F6BBF00A7E680;
			productRefGroup = 05F99AA0271F6BC000A7E680 /* Products */;
			projectDirPath = "";
			projectRoot = "";
			targets = (
				05F99A9E271F6BBF00A7E680 /* GHFollowers */,
			);
		};
/* End PBXProject section */

/* Begin PBXResourcesBuildPhase section */
		05F99A9D271F6BBF00A7E680 /* Resources */ = {
			isa = PBXResourcesBuildPhase;
			buildActionMask = 2147483647;
			files = (
				05F99AAF271F6BC500A7E680 /* LaunchScreen.storyboard in Resources */,
				05F99AAC271F6BC500A7E680 /* Assets.xcassets in Resources */,
			);
			runOnlyForDeploymentPostprocessing = 0;
		};
/* End PBXResourcesBuildPhase section */

/* Begin PBXSourcesBuildPhase section */
		05F99A9B271F6BBF00A7E680 /* Sources */ = {
			isa = PBXSourcesBuildPhase;
			buildActionMask = 2147483647;
			files = (
				05EA7749285B67FA00A8307F /* User.swift in Sources */,
				0581EA542720ADED002A7399 /* GFTextField.swift in Sources */,
				057AC89F27207FFF002B506A /* FavoritesListVC.swift in Sources */,
				05A839652869D3AB001B83FB /* String+Ext.swift in Sources */,
				0581EA502720AA82002A7399 /* GFButton.swift in Sources */,
				059DFA7D285A33AF00E08837 /* UIViewController+Ext.swift in Sources */,
				0531AC3028755AA300C93927 /* GFDataLoadingVC.swift in Sources */,
				05AD36E228624967002F6E24 /* UIHelper.swift in Sources */,
				05A8395C2869BCB3001B83FB /* GFItemInfoVC.swift in Sources */,
				05C56B6F286779F8009B42E1 /* Constants.swift in Sources */,
				05F77915285C95E9005D60E5 /* GFAvatarImageView.swift in Sources */,
				057AC89B27207F89002B506A /* SearchVC.swift in Sources */,
				059DFA7B285A0DA200E08837 /* GFAlertVC.swift in Sources */,
				05A839602869C6BC001B83FB /* GFFollowerItemVC.swift in Sources */,
				05136D5D2869A3450019FE33 /* GFItemInfoView.swift in Sources */,
				05E60E06286F684800D9CC27 /* FavoriteCell.swift in Sources */,
				05F77913285C94EE005D60E5 /* FollowerCell.swift in Sources */,
				05161A8F287062A50080787D /* GFTabBarController.swift in Sources */,
				059DFA79285A0C6C00E08837 /* GFBodyLabel.swift in Sources */,
				05C56B6B2867603B009B42E1 /* GFUserInfoHeaderVC.swift in Sources */,
				05EDA1782865EE9D0065E272 /* GFError.swift in Sources */,
				0562C7332878305700E65719 /* UITableView+Ext.swift in Sources */,
				05EA7747285B652F00A8307F /* Follower.swift in Sources */,
				052D0B41287444F500899306 /* GFAlertContainerView.swift in Sources */,
				059DFA77285A09EC00E08837 /* GFTitleLabel.swift in Sources */,
				05A839632869D369001B83FB /* Date+Ext.swift in Sources */,
				052CF1CC286E20C100C55AE8 /* PersistenceManager.swift in Sources */,
				05C56B6D286760C7009B42E1 /* GFSecondaryTitleLabel.swift in Sources */,
				05054220286344BE00618393 /* GFEmptyStateView.swift in Sources */,
				05EA774C285B7F2E00A8307F /* NetworkManager.swift in Sources */,
				05994C7D27289DF40094A66F /* FollowerListVC.swift in Sources */,
				05F99AA3271F6BC000A7E680 /* AppDelegate.swift in Sources */,
				05F99AA5271F6BC000A7E680 /* SceneDelegate.swift in Sources */,
				0531AC3228758A6600C93927 /* UIView+Ext.swift in Sources */,
				05A8395E2869C427001B83FB /* GFRepoItemVC.swift in Sources */,
				05EDA1762865D1890065E272 /* UserInfoVC.swift in Sources */,
			);
			runOnlyForDeploymentPostprocessing = 0;
		};
/* End PBXSourcesBuildPhase section */

/* Begin PBXVariantGroup section */
		05F99AAD271F6BC500A7E680 /* LaunchScreen.storyboard */ = {
			isa = PBXVariantGroup;
			children = (
				05F99AAE271F6BC500A7E680 /* Base */,
			);
			name = LaunchScreen.storyboard;
			sourceTree = "<group>";
		};
/* End PBXVariantGroup section */

/* Begin XCBuildConfiguration section */
		05F99AB1271F6BC500A7E680 /* Debug */ = {
			isa = XCBuildConfiguration;
			buildSettings = {
				ALWAYS_SEARCH_USER_PATHS = NO;
				CLANG_ANALYZER_NONNULL = YES;
				CLANG_ANALYZER_NUMBER_OBJECT_CONVERSION = YES_AGGRESSIVE;
				CLANG_CXX_LANGUAGE_STANDARD = "gnu++17";
				CLANG_CXX_LIBRARY = "libc++";
				CLANG_ENABLE_MODULES = YES;
				CLANG_ENABLE_OBJC_ARC = YES;
				CLANG_ENABLE_OBJC_WEAK = YES;
				CLANG_WARN_BLOCK_CAPTURE_AUTORELEASING = YES;
				CLANG_WARN_BOOL_CONVERSION = YES;
				CLANG_WARN_COMMA = YES;
				CLANG_WARN_CONSTANT_CONVERSION = YES;
				CLANG_WARN_DEPRECATED_OBJC_IMPLEMENTATIONS = YES;
				CLANG_WARN_DIRECT_OBJC_ISA_USAGE = YES_ERROR;
				CLANG_WARN_DOCUMENTATION_COMMENTS = YES;
				CLANG_WARN_EMPTY_BODY = YES;
				CLANG_WARN_ENUM_CONVERSION = YES;
				CLANG_WARN_INFINITE_RECURSION = YES;
				CLANG_WARN_INT_CONVERSION = YES;
				CLANG_WARN_NON_LITERAL_NULL_CONVERSION = YES;
				CLANG_WARN_OBJC_IMPLICIT_RETAIN_SELF = YES;
				CLANG_WARN_OBJC_LITERAL_CONVERSION = YES;
				CLANG_WARN_OBJC_ROOT_CLASS = YES_ERROR;
				CLANG_WARN_QUOTED_INCLUDE_IN_FRAMEWORK_HEADER = YES;
				CLANG_WARN_RANGE_LOOP_ANALYSIS = YES;
				CLANG_WARN_STRICT_PROTOTYPES = YES;
				CLANG_WARN_SUSPICIOUS_MOVE = YES;
				CLANG_WARN_UNGUARDED_AVAILABILITY = YES_AGGRESSIVE;
				CLANG_WARN_UNREACHABLE_CODE = YES;
				CLANG_WARN__DUPLICATE_METHOD_MATCH = YES;
				COPY_PHASE_STRIP = NO;
				DEBUG_INFORMATION_FORMAT = dwarf;
				ENABLE_STRICT_OBJC_MSGSEND = YES;
				ENABLE_TESTABILITY = YES;
				GCC_C_LANGUAGE_STANDARD = gnu11;
				GCC_DYNAMIC_NO_PIC = NO;
				GCC_NO_COMMON_BLOCKS = YES;
				GCC_OPTIMIZATION_LEVEL = 0;
				GCC_PREPROCESSOR_DEFINITIONS = (
					"DEBUG=1",
					"$(inherited)",
				);
				GCC_WARN_64_TO_32_BIT_CONVERSION = YES;
				GCC_WARN_ABOUT_RETURN_TYPE = YES_ERROR;
				GCC_WARN_UNDECLARED_SELECTOR = YES;
				GCC_WARN_UNINITIALIZED_AUTOS = YES_AGGRESSIVE;
				GCC_WARN_UNUSED_FUNCTION = YES;
				GCC_WARN_UNUSED_VARIABLE = YES;
				IPHONEOS_DEPLOYMENT_TARGET = 15.0;
				MTL_ENABLE_DEBUG_INFO = INCLUDE_SOURCE;
				MTL_FAST_MATH = YES;
				ONLY_ACTIVE_ARCH = YES;
				SDKROOT = iphoneos;
				SWIFT_ACTIVE_COMPILATION_CONDITIONS = DEBUG;
				SWIFT_OPTIMIZATION_LEVEL = "-Onone";
			};
			name = Debug;
		};
		05F99AB2271F6BC500A7E680 /* Release */ = {
			isa = XCBuildConfiguration;
			buildSettings = {
				ALWAYS_SEARCH_USER_PATHS = NO;
				CLANG_ANALYZER_NONNULL = YES;
				CLANG_ANALYZER_NUMBER_OBJECT_CONVERSION = YES_AGGRESSIVE;
				CLANG_CXX_LANGUAGE_STANDARD = "gnu++17";
				CLANG_CXX_LIBRARY = "libc++";
				CLANG_ENABLE_MODULES = YES;
				CLANG_ENABLE_OBJC_ARC = YES;
				CLANG_ENABLE_OBJC_WEAK = YES;
				CLANG_WARN_BLOCK_CAPTURE_AUTORELEASING = YES;
				CLANG_WARN_BOOL_CONVERSION = YES;
				CLANG_WARN_COMMA = YES;
				CLANG_WARN_CONSTANT_CONVERSION = YES;
				CLANG_WARN_DEPRECATED_OBJC_IMPLEMENTATIONS = YES;
				CLANG_WARN_DIRECT_OBJC_ISA_USAGE = YES_ERROR;
				CLANG_WARN_DOCUMENTATION_COMMENTS = YES;
				CLANG_WARN_EMPTY_BODY = YES;
				CLANG_WARN_ENUM_CONVERSION = YES;
				CLANG_WARN_INFINITE_RECURSION = YES;
				CLANG_WARN_INT_CONVERSION = YES;
				CLANG_WARN_NON_LITERAL_NULL_CONVERSION = YES;
				CLANG_WARN_OBJC_IMPLICIT_RETAIN_SELF = YES;
				CLANG_WARN_OBJC_LITERAL_CONVERSION = YES;
				CLANG_WARN_OBJC_ROOT_CLASS = YES_ERROR;
				CLANG_WARN_QUOTED_INCLUDE_IN_FRAMEWORK_HEADER = YES;
				CLANG_WARN_RANGE_LOOP_ANALYSIS = YES;
				CLANG_WARN_STRICT_PROTOTYPES = YES;
				CLANG_WARN_SUSPICIOUS_MOVE = YES;
				CLANG_WARN_UNGUARDED_AVAILABILITY = YES_AGGRESSIVE;
				CLANG_WARN_UNREACHABLE_CODE = YES;
				CLANG_WARN__DUPLICATE_METHOD_MATCH = YES;
				COPY_PHASE_STRIP = NO;
				DEBUG_INFORMATION_FORMAT = "dwarf-with-dsym";
				ENABLE_NS_ASSERTIONS = NO;
				ENABLE_STRICT_OBJC_MSGSEND = YES;
				GCC_C_LANGUAGE_STANDARD = gnu11;
				GCC_NO_COMMON_BLOCKS = YES;
				GCC_WARN_64_TO_32_BIT_CONVERSION = YES;
				GCC_WARN_ABOUT_RETURN_TYPE = YES_ERROR;
				GCC_WARN_UNDECLARED_SELECTOR = YES;
				GCC_WARN_UNINITIALIZED_AUTOS = YES_AGGRESSIVE;
				GCC_WARN_UNUSED_FUNCTION = YES;
				GCC_WARN_UNUSED_VARIABLE = YES;
				IPHONEOS_DEPLOYMENT_TARGET = 15.0;
				MTL_ENABLE_DEBUG_INFO = NO;
				MTL_FAST_MATH = YES;
				SDKROOT = iphoneos;
				SWIFT_COMPILATION_MODE = wholemodule;
				SWIFT_OPTIMIZATION_LEVEL = "-O";
				VALIDATE_PRODUCT = YES;
			};
			name = Release;
		};
		05F99AB4271F6BC500A7E680 /* Debug */ = {
			isa = XCBuildConfiguration;
			buildSettings = {
				ASSETCATALOG_COMPILER_APPICON_NAME = AppIcon;
				ASSETCATALOG_COMPILER_GLOBAL_ACCENT_COLOR_NAME = AccentColor;
				CODE_SIGN_STYLE = Automatic;
				CURRENT_PROJECT_VERSION = 1;
				DEVELOPMENT_TEAM = 8LYJPF7G96;
				GENERATE_INFOPLIST_FILE = YES;
				INFOPLIST_FILE = GHFollowers/Info.plist;
				INFOPLIST_KEY_UIApplicationSupportsIndirectInputEvents = YES;
				INFOPLIST_KEY_UILaunchStoryboardName = LaunchScreen;
				INFOPLIST_KEY_UISupportedInterfaceOrientations_iPad = "UIInterfaceOrientationPortrait UIInterfaceOrientationPortraitUpsideDown UIInterfaceOrientationLandscapeLeft UIInterfaceOrientationLandscapeRight";
				INFOPLIST_KEY_UISupportedInterfaceOrientations_iPhone = "UIInterfaceOrientationPortrait UIInterfaceOrientationLandscapeLeft UIInterfaceOrientationLandscapeRight";
				LD_RUNPATH_SEARCH_PATHS = (
					"$(inherited)",
					"@executable_path/Frameworks",
				);
				MARKETING_VERSION = 1.0;
				PRODUCT_BUNDLE_IDENTIFIER = com.tinciti.GHFollowers;
				PRODUCT_NAME = "$(TARGET_NAME)";
				SWIFT_EMIT_LOC_STRINGS = YES;
				SWIFT_VERSION = 5.0;
				TARGETED_DEVICE_FAMILY = 1;
			};
			name = Debug;
		};
		05F99AB5271F6BC500A7E680 /* Release */ = {
			isa = XCBuildConfiguration;
			buildSettings = {
				ASSETCATALOG_COMPILER_APPICON_NAME = AppIcon;
				ASSETCATALOG_COMPILER_GLOBAL_ACCENT_COLOR_NAME = AccentColor;
				CODE_SIGN_STYLE = Automatic;
				CURRENT_PROJECT_VERSION = 1;
				DEVELOPMENT_TEAM = 8LYJPF7G96;
				GENERATE_INFOPLIST_FILE = YES;
				INFOPLIST_FILE = GHFollowers/Info.plist;
				INFOPLIST_KEY_UIApplicationSupportsIndirectInputEvents = YES;
				INFOPLIST_KEY_UILaunchStoryboardName = LaunchScreen;
				INFOPLIST_KEY_UISupportedInterfaceOrientations_iPad = "UIInterfaceOrientationPortrait UIInterfaceOrientationPortraitUpsideDown UIInterfaceOrientationLandscapeLeft UIInterfaceOrientationLandscapeRight";
				INFOPLIST_KEY_UISupportedInterfaceOrientations_iPhone = "UIInterfaceOrientationPortrait UIInterfaceOrientationLandscapeLeft UIInterfaceOrientationLandscapeRight";
				LD_RUNPATH_SEARCH_PATHS = (
					"$(inherited)",
					"@executable_path/Frameworks",
				);
				MARKETING_VERSION = 1.0;
				PRODUCT_BUNDLE_IDENTIFIER = com.tinciti.GHFollowers;
				PRODUCT_NAME = "$(TARGET_NAME)";
				SWIFT_EMIT_LOC_STRINGS = YES;
				SWIFT_VERSION = 5.0;
				TARGETED_DEVICE_FAMILY = 1;
			};
			name = Release;
		};
/* End XCBuildConfiguration section */

/* Begin XCConfigurationList section */
		05F99A9A271F6BBF00A7E680 /* Build configuration list for PBXProject "GHFollowers" */ = {
			isa = XCConfigurationList;
			buildConfigurations = (
				05F99AB1271F6BC500A7E680 /* Debug */,
				05F99AB2271F6BC500A7E680 /* Release */,
			);
			defaultConfigurationIsVisible = 0;
			defaultConfigurationName = Release;
		};
		05F99AB3271F6BC500A7E680 /* Build configuration list for PBXNativeTarget "GHFollowers" */ = {
			isa = XCConfigurationList;
			buildConfigurations = (
				05F99AB4271F6BC500A7E680 /* Debug */,
				05F99AB5271F6BC500A7E680 /* Release */,
			);
			defaultConfigurationIsVisible = 0;
			defaultConfigurationName = Release;
		};
/* End XCConfigurationList section */
	};
	rootObject = 05F99A97271F6BBF00A7E680 /* Project object */;
}
